
Microsoft Visual Studio Solution File, Format Version 12.00
# Visual Studio 15
VisualStudioVersion = 15.0.26124.0
MinimumVisualStudioVersion = 15.0.26124.0
Project("{FAE04EC0-301F-11D3-BF4B-00C04F79EFBC}") = "hortus_functions", "hortus.functions\hortus_functions.csproj", "{2002D67A-A8CF-4EE1-BA19-A6D448FCE94B}"
EndProject
Project("{FAE04EC0-301F-11D3-BF4B-00C04F79EFBC}") = "hortus.entities", "hortus.entities\hortus.entities.csproj", "{F8048DE9-9A48-47CF-88C5-15A75BB795FA}"
EndProject
Project("{FAE04EC0-301F-11D3-BF4B-00C04F79EFBC}") = "hortus.nosqldb", "hortus.nosqldb\hortus.nosqldb.csproj", "{F09B1A34-4695-4E90-BAD3-E8CC2F9A9EF6}"
EndProject
Project("{FAE04EC0-301F-11D3-BF4B-00C04F79EFBC}") = "hortus.storage", "hortus.storage\hortus.storage.csproj", "{FC540774-9AFA-4447-9438-EA4AA8A008B4}"
EndProject
Global
	GlobalSection(SolutionConfigurationPlatforms) = preSolution
		Debug|Any CPU = Debug|Any CPU
		Debug|x64 = Debug|x64
		Debug|x86 = Debug|x86
		Release|Any CPU = Release|Any CPU
		Release|x64 = Release|x64
		Release|x86 = Release|x86
	EndGlobalSection
	GlobalSection(SolutionProperties) = preSolution
		HideSolutionNode = FALSE
	EndGlobalSection
	GlobalSection(ProjectConfigurationPlatforms) = postSolution
		{2002D67A-A8CF-4EE1-BA19-A6D448FCE94B}.Debug|Any CPU.ActiveCfg = Debug|Any CPU
		{2002D67A-A8CF-4EE1-BA19-A6D448FCE94B}.Debug|Any CPU.Build.0 = Debug|Any CPU
		{2002D67A-A8CF-4EE1-BA19-A6D448FCE94B}.Debug|x64.ActiveCfg = Debug|Any CPU
		{2002D67A-A8CF-4EE1-BA19-A6D448FCE94B}.Debug|x64.Build.0 = Debug|Any CPU
		{2002D67A-A8CF-4EE1-BA19-A6D448FCE94B}.Debug|x86.ActiveCfg = Debug|Any CPU
		{2002D67A-A8CF-4EE1-BA19-A6D448FCE94B}.Debug|x86.Build.0 = Debug|Any CPU
		{2002D67A-A8CF-4EE1-BA19-A6D448FCE94B}.Release|Any CPU.ActiveCfg = Release|Any CPU
		{2002D67A-A8CF-4EE1-BA19-A6D448FCE94B}.Release|Any CPU.Build.0 = Release|Any CPU
		{2002D67A-A8CF-4EE1-BA19-A6D448FCE94B}.Release|x64.ActiveCfg = Release|Any CPU
		{2002D67A-A8CF-4EE1-BA19-A6D448FCE94B}.Release|x64.Build.0 = Release|Any CPU
		{2002D67A-A8CF-4EE1-BA19-A6D448FCE94B}.Release|x86.ActiveCfg = Release|Any CPU
		{2002D67A-A8CF-4EE1-BA19-A6D448FCE94B}.Release|x86.Build.0 = Release|Any CPU
		{F8048DE9-9A48-47CF-88C5-15A75BB795FA}.Debug|Any CPU.ActiveCfg = Debug|Any CPU
		{F8048DE9-9A48-47CF-88C5-15A75BB795FA}.Debug|Any CPU.Build.0 = Debug|Any CPU
		{F8048DE9-9A48-47CF-88C5-15A75BB795FA}.Debug|x64.ActiveCfg = Debug|Any CPU
		{F8048DE9-9A48-47CF-88C5-15A75BB795FA}.Debug|x64.Build.0 = Debug|Any CPU
		{F8048DE9-9A48-47CF-88C5-15A75BB795FA}.Debug|x86.ActiveCfg = Debug|Any CPU
		{F8048DE9-9A48-47CF-88C5-15A75BB795FA}.Debug|x86.Build.0 = Debug|Any CPU
		{F8048DE9-9A48-47CF-88C5-15A75BB795FA}.Release|Any CPU.ActiveCfg = Release|Any CPU
		{F8048DE9-9A48-47CF-88C5-15A75BB795FA}.Release|Any CPU.Build.0 = Release|Any CPU
		{F8048DE9-9A48-47CF-88C5-15A75BB795FA}.Release|x64.ActiveCfg = Release|Any CPU
		{F8048DE9-9A48-47CF-88C5-15A75BB795FA}.Release|x64.Build.0 = Release|Any CPU
		{F8048DE9-9A48-47CF-88C5-15A75BB795FA}.Release|x86.ActiveCfg = Release|Any CPU
		{F8048DE9-9A48-47CF-88C5-15A75BB795FA}.Release|x86.Build.0 = Release|Any CPU
		{F09B1A34-4695-4E90-BAD3-E8CC2F9A9EF6}.Debug|Any CPU.ActiveCfg = Debug|Any CPU
		{F09B1A34-4695-4E90-BAD3-E8CC2F9A9EF6}.Debug|Any CPU.Build.0 = Debug|Any CPU
		{F09B1A34-4695-4E90-BAD3-E8CC2F9A9EF6}.Debug|x64.ActiveCfg = Debug|Any CPU
		{F09B1A34-4695-4E90-BAD3-E8CC2F9A9EF6}.Debug|x64.Build.0 = Debug|Any CPU
		{F09B1A34-4695-4E90-BAD3-E8CC2F9A9EF6}.Debug|x86.ActiveCfg = Debug|Any CPU
		{F09B1A34-4695-4E90-BAD3-E8CC2F9A9EF6}.Debug|x86.Build.0 = Debug|Any CPU
		{F09B1A34-4695-4E90-BAD3-E8CC2F9A9EF6}.Release|Any CPU.ActiveCfg = Release|Any CPU
		{F09B1A34-4695-4E90-BAD3-E8CC2F9A9EF6}.Release|Any CPU.Build.0 = Release|Any CPU
		{F09B1A34-4695-4E90-BAD3-E8CC2F9A9EF6}.Release|x64.ActiveCfg = Release|Any CPU
		{F09B1A34-4695-4E90-BAD3-E8CC2F9A9EF6}.Release|x64.Build.0 = Release|Any CPU
		{F09B1A34-4695-4E90-BAD3-E8CC2F9A9EF6}.Release|x86.ActiveCfg = Release|Any CPU
		{F09B1A34-4695-4E90-BAD3-E8CC2F9A9EF6}.Release|x86.Build.0 = Release|Any CPU
		{FC540774-9AFA-4447-9438-EA4AA8A008B4}.Debug|Any CPU.ActiveCfg = Debug|Any CPU
		{FC540774-9AFA-4447-9438-EA4AA8A008B4}.Debug|Any CPU.Build.0 = Debug|Any CPU
		{FC540774-9AFA-4447-9438-EA4AA8A008B4}.Debug|x64.ActiveCfg = Debug|Any CPU
		{FC540774-9AFA-4447-9438-EA4AA8A008B4}.Debug|x64.Build.0 = Debug|Any CPU
		{FC540774-9AFA-4447-9438-EA4AA8A008B4}.Debug|x86.ActiveCfg = Debug|Any CPU
		{FC540774-9AFA-4447-9438-EA4AA8A008B4}.Debug|x86.Build.0 = Debug|Any CPU
		{FC540774-9AFA-4447-9438-EA4AA8A008B4}.Release|Any CPU.ActiveCfg = Release|Any CPU
		{FC540774-9AFA-4447-9438-EA4AA8A008B4}.Release|Any CPU.Build.0 = Release|Any CPU
		{FC540774-9AFA-4447-9438-EA4AA8A008B4}.Release|x64.ActiveCfg = Release|Any CPU
		{FC540774-9AFA-4447-9438-EA4AA8A008B4}.Release|x64.Build.0 = Release|Any CPU
		{FC540774-9AFA-4447-9438-EA4AA8A008B4}.Release|x86.ActiveCfg = Release|Any CPU
		{FC540774-9AFA-4447-9438-EA4AA8A008B4}.Release|x86.Build.0 = Release|Any CPU
	EndGlobalSection
EndGlobal
